
Microsoft Visual Studio Solution File, Format Version 12.00
# Visual Studio Version 17
VisualStudioVersion = 17.6.33815.320
MinimumVisualStudioVersion = 10.0.40219.1
Project("{9A19103F-16F7-4668-BE54-9A1E7A4F7556}") = "ProEventos", "ProEventos\ProEventos.csproj", "{08162DC9-8B6E-4B4B-A916-C111D9015AD9}"
EndProject
Project("{FAE04EC0-301F-11D3-BF4B-00C04F79EFBC}") = "ProEventos.Models", "ProEventos.Models\ProEventos.Models.csproj", "{E5695EED-6863-4601-B5D0-7501534AEACC}"
EndProject
Global
	GlobalSection(SolutionConfigurationPlatforms) = preSolution
		Debug|Any CPU = Debug|Any CPU
		Release|Any CPU = Release|Any CPU
	EndGlobalSection
	GlobalSection(ProjectConfigurationPlatforms) = postSolution
		{08162DC9-8B6E-4B4B-A916-C111D9015AD9}.Debug|Any CPU.ActiveCfg = Debug|Any CPU
		{08162DC9-8B6E-4B4B-A916-C111D9015AD9}.Debug|Any CPU.Build.0 = Debug|Any CPU
		{08162DC9-8B6E-4B4B-A916-C111D9015AD9}.Release|Any CPU.ActiveCfg = Release|Any CPU
		{08162DC9-8B6E-4B4B-A916-C111D9015AD9}.Release|Any CPU.Build.0 = Release|Any CPU
		{E5695EED-6863-4601-B5D0-7501534AEACC}.Debug|Any CPU.ActiveCfg = Debug|Any CPU
		{E5695EED-6863-4601-B5D0-7501534AEACC}.Debug|Any CPU.Build.0 = Debug|Any CPU
		{E5695EED-6863-4601-B5D0-7501534AEACC}.Release|Any CPU.ActiveCfg = Release|Any CPU
		{E5695EED-6863-4601-B5D0-7501534AEACC}.Release|Any CPU.Build.0 = Release|Any CPU
	EndGlobalSection
	GlobalSection(SolutionProperties) = preSolution
		HideSolutionNode = FALSE
	EndGlobalSection
	GlobalSection(ExtensibilityGlobals) = postSolution
		SolutionGuid = {59D72CF8-5CE7-4FE4-AC20-D73FAE9C52CF}
	EndGlobalSection
EndGlobal
